
Microsoft Visual Studio Solution File, Format Version 12.00
# Visual Studio Version 17
VisualStudioVersion = 17.4.33205.214
MinimumVisualStudioVersion = 10.0.40219.1
Project("{FAE04EC0-301F-11D3-BF4B-00C04F79EFBC}") = "DemoWebBanHang", "DemoWebBanHang\DemoWebBanHang.csproj", "{DF28611E-28E4-4FDB-97AC-57A7C244FFF8}"
EndProject
Project("{FAE04EC0-301F-11D3-BF4B-00C04F79EFBC}") = "Model", "Model\Model.csproj", "{D092A5E3-1127-490D-94A5-D2648D90AD5F}"
EndProject
Global
	GlobalSection(SolutionConfigurationPlatforms) = preSolution
		Debug|Any CPU = Debug|Any CPU
		Release|Any CPU = Release|Any CPU
	EndGlobalSection
	GlobalSection(ProjectConfigurationPlatforms) = postSolution
		{DF28611E-28E4-4FDB-97AC-57A7C244FFF8}.Debug|Any CPU.ActiveCfg = Debug|Any CPU
		{DF28611E-28E4-4FDB-97AC-57A7C244FFF8}.Debug|Any CPU.Build.0 = Debug|Any CPU
		{DF28611E-28E4-4FDB-97AC-57A7C244FFF8}.Release|Any CPU.ActiveCfg = Release|Any CPU
		{DF28611E-28E4-4FDB-97AC-57A7C244FFF8}.Release|Any CPU.Build.0 = Release|Any CPU
		{D092A5E3-1127-490D-94A5-D2648D90AD5F}.Debug|Any CPU.ActiveCfg = Debug|Any CPU
		{D092A5E3-1127-490D-94A5-D2648D90AD5F}.Debug|Any CPU.Build.0 = Debug|Any CPU
		{D092A5E3-1127-490D-94A5-D2648D90AD5F}.Release|Any CPU.ActiveCfg = Release|Any CPU
		{D092A5E3-1127-490D-94A5-D2648D90AD5F}.Release|Any CPU.Build.0 = Release|Any CPU
	EndGlobalSection
	GlobalSection(SolutionProperties) = preSolution
		HideSolutionNode = FALSE
	EndGlobalSection
	GlobalSection(ExtensibilityGlobals) = postSolution
		SolutionGuid = {ADCF2353-21E7-4962-9896-5475DAE9D805}
	EndGlobalSection
EndGlobal
